
Microsoft Visual Studio Solution File, Format Version 12.00
# Visual Studio Version 17
VisualStudioVersion = 17.13.35825.156 d17.13
MinimumVisualStudioVersion = 10.0.40219.1
Project("{FAE04EC0-301F-11D3-BF4B-00C04F79EFBC}") = "Assignment2", "Assignment2.csproj", "{AEBD321F-E3E9-4128-AD4A-657A71EE419E}"
EndProject
Global
	GlobalSection(SolutionConfigurationPlatforms) = preSolution
		Debug|Any CPU = Debug|Any CPU
		Release|Any CPU = Release|Any CPU
	EndGlobalSection
	GlobalSection(ProjectConfigurationPlatforms) = postSolution
		{AEBD321F-E3E9-4128-AD4A-657A71EE419E}.Debug|Any CPU.ActiveCfg = Debug|Any CPU
		{AEBD321F-E3E9-4128-AD4A-657A71EE419E}.Debug|Any CPU.Build.0 = Debug|Any CPU
		{AEBD321F-E3E9-4128-AD4A-657A71EE419E}.Release|Any CPU.ActiveCfg = Release|Any CPU
		{AEBD321F-E3E9-4128-AD4A-657A71EE419E}.Release|Any CPU.Build.0 = Release|Any CPU
	EndGlobalSection
	GlobalSection(SolutionProperties) = preSolution
		HideSolutionNode = FALSE
	EndGlobalSection
	GlobalSection(ExtensibilityGlobals) = postSolution
		SolutionGuid = {6F4494BF-E9DC-4241-858D-3E67E20F8454}
	EndGlobalSection
EndGlobal
